
Microsoft Visual Studio Solution File, Format Version 12.00
# Visual Studio Version 17
VisualStudioVersion = 17.6.33829.357
MinimumVisualStudioVersion = 10.0.40219.1
Project("{FAE04EC0-301F-11D3-BF4B-00C04F79EFBC}") = "C_Sharp_Function_and_Methods", "C_Sharp_Function_and_Methods.csproj", "{356C0432-7AE8-4611-A25D-B9A699B36174}"
EndProject
Global
	GlobalSection(SolutionConfigurationPlatforms) = preSolution
		Debug|Any CPU = Debug|Any CPU
		Release|Any CPU = Release|Any CPU
	EndGlobalSection
	GlobalSection(ProjectConfigurationPlatforms) = postSolution
		{356C0432-7AE8-4611-A25D-B9A699B36174}.Debug|Any CPU.ActiveCfg = Debug|Any CPU
		{356C0432-7AE8-4611-A25D-B9A699B36174}.Debug|Any CPU.Build.0 = Debug|Any CPU
		{356C0432-7AE8-4611-A25D-B9A699B36174}.Release|Any CPU.ActiveCfg = Release|Any CPU
		{356C0432-7AE8-4611-A25D-B9A699B36174}.Release|Any CPU.Build.0 = Release|Any CPU
	EndGlobalSection
	GlobalSection(SolutionProperties) = preSolution
		HideSolutionNode = FALSE
	EndGlobalSection
	GlobalSection(ExtensibilityGlobals) = postSolution
		SolutionGuid = {B8523FE6-D49B-4B1B-8341-203524BB7955}
	EndGlobalSection
EndGlobal
