
Microsoft Visual Studio Solution File, Format Version 12.00
# Visual Studio Version 17
VisualStudioVersion = 17.6.33829.357
MinimumVisualStudioVersion = 10.0.40219.1
Project("{FAE04EC0-301F-11D3-BF4B-00C04F79EFBC}") = "C_Sharp_Repeat_Operation_Basic_OOP", "C_Sharp_Repeat_Operation_Basic_OOP.csproj", "{4F17A02F-E45F-4A4A-920D-95B7CC98C993}"
EndProject
Global
	GlobalSection(SolutionConfigurationPlatforms) = preSolution
		Debug|Any CPU = Debug|Any CPU
		Release|Any CPU = Release|Any CPU
	EndGlobalSection
	GlobalSection(ProjectConfigurationPlatforms) = postSolution
		{4F17A02F-E45F-4A4A-920D-95B7CC98C993}.Debug|Any CPU.ActiveCfg = Debug|Any CPU
		{4F17A02F-E45F-4A4A-920D-95B7CC98C993}.Debug|Any CPU.Build.0 = Debug|Any CPU
		{4F17A02F-E45F-4A4A-920D-95B7CC98C993}.Release|Any CPU.ActiveCfg = Release|Any CPU
		{4F17A02F-E45F-4A4A-920D-95B7CC98C993}.Release|Any CPU.Build.0 = Release|Any CPU
	EndGlobalSection
	GlobalSection(SolutionProperties) = preSolution
		HideSolutionNode = FALSE
	EndGlobalSection
	GlobalSection(ExtensibilityGlobals) = postSolution
		SolutionGuid = {B305EC28-74F3-4EB3-A369-3532FC974606}
	EndGlobalSection
EndGlobal
